{
  "name": "extra-tools",
  "lockfileVersion": 3,
  "requires": true,
  "packages": {
    "": {
      "dependencies": {
        "@notionhq/client": "^4.0.1"
      }
    },
    "node_modules/@notionhq/client": {
      "version": "4.0.1",
      "resolved": "https://registry.npmjs.org/@notionhq/client/-/client-4.0.1.tgz",
      "integrity": "sha512-SdILqiiThECLR2KDUOvl4JqRaJWBwDYaEw/f0qu+G6rKN/QUCkaJ84vN5MgBw1yKsMAsKxBlDazs3Jw6vv2ikA==",
      "license": "MIT",
      "engines": {
        "node": ">=18"
      }
    }
  }
}
